
Microsoft Visual Studio Solution File, Format Version 12.00
# Visual Studio Version 17
VisualStudioVersion = 17.8.34525.116
MinimumVisualStudioVersion = 10.0.40219.1
Project("{FAE04EC0-301F-11D3-BF4B-00C04F79EFBC}") = "geometria", "geometria\geometria.csproj", "{E9DC965E-CD44-467A-A3D1-A331841A1F6C}"
EndProject
Global
	GlobalSection(SolutionConfigurationPlatforms) = preSolution
		Debug|Any CPU = Debug|Any CPU
		Release|Any CPU = Release|Any CPU
	EndGlobalSection
	GlobalSection(ProjectConfigurationPlatforms) = postSolution
		{E9DC965E-CD44-467A-A3D1-A331841A1F6C}.Debug|Any CPU.ActiveCfg = Debug|Any CPU
		{E9DC965E-CD44-467A-A3D1-A331841A1F6C}.Debug|Any CPU.Build.0 = Debug|Any CPU
		{E9DC965E-CD44-467A-A3D1-A331841A1F6C}.Release|Any CPU.ActiveCfg = Release|Any CPU
		{E9DC965E-CD44-467A-A3D1-A331841A1F6C}.Release|Any CPU.Build.0 = Release|Any CPU
	EndGlobalSection
	GlobalSection(SolutionProperties) = preSolution
		HideSolutionNode = FALSE
	EndGlobalSection
	GlobalSection(ExtensibilityGlobals) = postSolution
		SolutionGuid = {901DCD3C-C277-49CF-8D99-D8B3065B1D96}
	EndGlobalSection
EndGlobal
